// !$*UTF8*$!
{
	archiveVersion = 1;
	classes = {
	};
	objectVersion = 46;
	objects = {

/* Begin PBXBuildFile section */
		5A3C91B6A9BD3EA211E459E7 /* Pods_ChatApp.framework in Frameworks */ = {isa = PBXBuildFile; fileRef = 3B4A22828D6BF2CF4192E138 /* Pods_ChatApp.framework */; };
		D9AABD371ED28C9F00389B25 /* AppDelegate.swift in Sources */ = {isa = PBXBuildFile; fileRef = D9AABD361ED28C9F00389B25 /* AppDelegate.swift */; };
		D9AABD391ED28C9F00389B25 /* ViewController.swift in Sources */ = {isa = PBXBuildFile; fileRef = D9AABD381ED28C9F00389B25 /* ViewController.swift */; };
		D9AABD3C1ED28C9F00389B25 /* Main.storyboard in Resources */ = {isa = PBXBuildFile; fileRef = D9AABD3A1ED28C9F00389B25 /* Main.storyboard */; };
		D9AABD3E1ED28C9F00389B25 /* Assets.xcassets in Resources */ = {isa = PBXBuildFile; fileRef = D9AABD3D1ED28C9F00389B25 /* Assets.xcassets */; };
		D9AABD411ED28C9F00389B25 /* LaunchScreen.storyboard in Resources */ = {isa = PBXBuildFile; fileRef = D9AABD3F1ED28C9F00389B25 /* LaunchScreen.storyboard */; };
		D9C80FCC1ED28EAE00D5B111 /* User.swift in Sources */ = {isa = PBXBuildFile; fileRef = D9C80FCB1ED28EAE00D5B111 /* User.swift */; };
/* End PBXBuildFile section */

/* Begin PBXFileReference section */
		3B4A22828D6BF2CF4192E138 /* Pods_ChatApp.framework */ = {isa = PBXFileReference; explicitFileType = wrapper.framework; includeInIndex = 0; path = Pods_ChatApp.framework; sourceTree = BUILT_PRODUCTS_DIR; };
		3DF7EB3CC620C7CB4F8E3924 /* Pods-ChatApp.debug.xcconfig */ = {isa = PBXFileReference; includeInIndex = 1; lastKnownFileType = text.xcconfig; name = "Pods-ChatApp.debug.xcconfig"; path = "Pods/Target Support Files/Pods-ChatApp/Pods-ChatApp.debug.xcconfig"; sourceTree = "<group>"; };
		6E7C15F0C49A5668A3CFCA1C /* Pods-ChatApp.release.xcconfig */ = {isa = PBXFileReference; includeInIndex = 1; lastKnownFileType = text.xcconfig; name = "Pods-ChatApp.release.xcconfig"; path = "Pods/Target Support Files/Pods-ChatApp/Pods-ChatApp.release.xcconfig"; sourceTree = "<group>"; };
		D9AABD331ED28C9F00389B25 /* ChatApp.app */ = {isa = PBXFileReference; explicitFileType = wrapper.application; includeInIndex = 0; path = ChatApp.app; sourceTree = BUILT_PRODUCTS_DIR; };
		D9AABD361ED28C9F00389B25 /* AppDelegate.swift */ = {isa = PBXFileReference; lastKnownFileType = sourcecode.swift; path = AppDelegate.swift; sourceTree = "<group>"; };
		D9AABD381ED28C9F00389B25 /* ViewController.swift */ = {isa = PBXFileReference; lastKnownFileType = sourcecode.swift; path = ViewController.swift; sourceTree = "<group>"; };
		D9AABD3B1ED28C9F00389B25 /* Base */ = {isa = PBXFileReference; lastKnownFileType = file.storyboard; name = Base; path = Base.lproj/Main.storyboard; sourceTree = "<group>"; };
		D9AABD3D1ED28C9F00389B25 /* Assets.xcassets */ = {isa = PBXFileReference; lastKnownFileType = folder.assetcatalog; path = Assets.xcassets; sourceTree = "<group>"; };
		D9AABD401ED28C9F00389B25 /* Base */ = {isa = PBXFileReference; lastKnownFileType = file.storyboard; name = Base; path = Base.lproj/LaunchScreen.storyboard; sourceTree = "<group>"; };
		D9AABD421ED28C9F00389B25 /* Info.plist */ = {isa = PBXFileReference; lastKnownFileType = text.plist.xml; path = Info.plist; sourceTree = "<group>"; };
		D9C80FCB1ED28EAE00D5B111 /* User.swift */ = {isa = PBXFileReference; fileEncoding = 4; lastKnownFileType = sourcecode.swift; path = User.swift; sourceTree = "<group>"; };
/* End PBXFileReference section */

/* Begin PBXFrameworksBuildPhase section */
		D9AABD301ED28C9F00389B25 /* Frameworks */ = {
			isa = PBXFrameworksBuildPhase;
			buildActionMask = 2147483647;
			files = (
				5A3C91B6A9BD3EA211E459E7 /* Pods_ChatApp.framework in Frameworks */,
			);
			runOnlyForDeploymentPostprocessing = 0;
		};
/* End PBXFrameworksBuildPhase section */

/* Begin PBXGroup section */
		14FF03422DADDE2AD6E0E266 /* Frameworks */ = {
			isa = PBXGroup;
			children = (
				3B4A22828D6BF2CF4192E138 /* Pods_ChatApp.framework */,
			);
			name = Frameworks;
			sourceTree = "<group>";
		};
		A544083820F93CED737F035E /* Pods */ = {
			isa = PBXGroup;
			children = (
				3DF7EB3CC620C7CB4F8E3924 /* Pods-ChatApp.debug.xcconfig */,
				6E7C15F0C49A5668A3CFCA1C /* Pods-ChatApp.release.xcconfig */,
			);
			name = Pods;
			sourceTree = "<group>";
		};
		D9AABD2A1ED28C9F00389B25 = {
			isa = PBXGroup;
			children = (
				D9AABD351ED28C9F00389B25 /* ChatApp */,
				D9AABD341ED28C9F00389B25 /* Products */,
				A544083820F93CED737F035E /* Pods */,
				14FF03422DADDE2AD6E0E266 /* Frameworks */,
			);
			sourceTree = "<group>";
		};
		D9AABD341ED28C9F00389B25 /* Products */ = {
			isa = PBXGroup;
			children = (
				D9AABD331ED28C9F00389B25 /* ChatApp.app */,
			);
			name = Products;
			sourceTree = "<group>";
		};
		D9AABD351ED28C9F00389B25 /* ChatApp */ = {
			isa = PBXGroup;
			children = (
				D9AABD361ED28C9F00389B25 /* AppDelegate.swift */,
				D9AABD381ED28C9F00389B25 /* ViewController.swift */,
				D9C80FCB1ED28EAE00D5B111 /* User.swift */,
				D9AABD3A1ED28C9F00389B25 /* Main.storyboard */,
				D9AABD3D1ED28C9F00389B25 /* Assets.xcassets */,
				D9AABD3F1ED28C9F00389B25 /* LaunchScreen.storyboard */,
				D9AABD421ED28C9F00389B25 /* Info.plist */,
			);
			path = ChatApp;
			sourceTree = "<group>";
		};
/* End PBXGroup section */

/* Begin PBXNativeTarget section */
		D9AABD321ED28C9F00389B25 /* ChatApp */ = {
			isa = PBXNativeTarget;
			buildConfigurationList = D9AABD451ED28C9F00389B25 /* Build configuration list for PBXNativeTarget "ChatApp" */;
			buildPhases = (
				57D42E32FCF45D9F62666837 /* [CP] Check Pods Manifest.lock */,
				D9AABD2F1ED28C9F00389B25 /* Sources */,
				D9AABD301ED28C9F00389B25 /* Frameworks */,
				D9AABD311ED28C9F00389B25 /* Resources */,
				B15E745A7C32E697BE8D6B8D /* [CP] Embed Pods Frameworks */,
				61B780925B265157CD68A13D /* [CP] Copy Pods Resources */,
			);
			buildRules = (
			);
			dependencies = (
			);
			name = ChatApp;
			productName = ChatApp;
			productReference = D9AABD331ED28C9F00389B25 /* ChatApp.app */;
			productType = "com.apple.product-type.application";
		};
/* End PBXNativeTarget section */

/* Begin PBXProject section */
		D9AABD2B1ED28C9F00389B25 /* Project object */ = {
			isa = PBXProject;
			attributes = {
				LastSwiftUpdateCheck = 0830;
				LastUpgradeCheck = 0830;
				ORGANIZATIONNAME = "Chic Resonance";
				TargetAttributes = {
					D9AABD321ED28C9F00389B25 = {
						CreatedOnToolsVersion = 8.3.2;
						DevelopmentTeam = 543V5E2ARZ;
						ProvisioningStyle = Automatic;
					};
				};
			};
			buildConfigurationList = D9AABD2E1ED28C9F00389B25 /* Build configuration list for PBXProject "ChatApp" */;
			compatibilityVersion = "Xcode 3.2";
			developmentRegion = English;
			hasScannedForEncodings = 0;
			knownRegions = (
				en,
				Base,
			);
			mainGroup = D9AABD2A1ED28C9F00389B25;
			productRefGroup = D9AABD341ED28C9F00389B25 /* Products */;
			projectDirPath = "";
			projectRoot = "";
			targets = (
				D9AABD321ED28C9F00389B25 /* ChatApp */,
			);
		};
/* End PBXProject section */

/* Begin PBXResourcesBuildPhase section */
		D9AABD311ED28C9F00389B25 /* Resources */ = {
			isa = PBXResourcesBuildPhase;
			buildActionMask = 2147483647;
			files = (
				D9AABD411ED28C9F00389B25 /* LaunchScreen.storyboard in Resources */,
				D9AABD3E1ED28C9F00389B25 /* Assets.xcassets in Resources */,
				D9AABD3C1ED28C9F00389B25 /* Main.storyboard in Resources */,
			);
			runOnlyForDeploymentPostprocessing = 0;
		};
/* End PBXResourcesBuildPhase section */

/* Begin PBXShellScriptBuildPhase section */
		57D42E32FCF45D9F62666837 /* [CP] Check Pods Manifest.lock */ = {
			isa = PBXShellScriptBuildPhase;
			buildActionMask = 2147483647;
			files = (
			);
			inputPaths = (
			);
			name = "[CP] Check Pods Manifest.lock";
			outputPaths = (
			);
			runOnlyForDeploymentPostprocessing = 0;
			shellPath = /bin/sh;
			shellScript = "diff \"${PODS_PODFILE_DIR_PATH}/Podfile.lock\" \"${PODS_ROOT}/Manifest.lock\" > /dev/null\nif [ $? != 0 ] ; then\n    # print error to STDERR\n    echo \"error: The sandbox is not in sync with the Podfile.lock. Run 'pod install' or update your CocoaPods installation.\" >&2\n    exit 1\nfi\n";
			showEnvVarsInLog = 0;
		};
		61B780925B265157CD68A13D /* [CP] Copy Pods Resources */ = {
			isa = PBXShellScriptBuildPhase;
			buildActionMask = 2147483647;
			files = (
			);
			inputPaths = (
			);
			name = "[CP] Copy Pods Resources";
			outputPaths = (
			);
			runOnlyForDeploymentPostprocessing = 0;
			shellPath = /bin/sh;
			shellScript = "\"${SRCROOT}/Pods/Target Support Files/Pods-ChatApp/Pods-ChatApp-resources.sh\"\n";
			showEnvVarsInLog = 0;
		};
		B15E745A7C32E697BE8D6B8D /* [CP] Embed Pods Frameworks */ = {
			isa = PBXShellScriptBuildPhase;
			buildActionMask = 2147483647;
			files = (
			);
			inputPaths = (
			);
			name = "[CP] Embed Pods Frameworks";
			outputPaths = (
			);
			runOnlyForDeploymentPostprocessing = 0;
			shellPath = /bin/sh;
			shellScript = "\"${SRCROOT}/Pods/Target Support Files/Pods-ChatApp/Pods-ChatApp-frameworks.sh\"\n";
			showEnvVarsInLog = 0;
		};
/* End PBXShellScriptBuildPhase section */

/* Begin PBXSourcesBuildPhase section */
		D9AABD2F1ED28C9F00389B25 /* Sources */ = {
			isa = PBXSourcesBuildPhase;
			buildActionMask = 2147483647;
			files = (
				D9AABD391ED28C9F00389B25 /* ViewController.swift in Sources */,
				D9C80FCC1ED28EAE00D5B111 /* User.swift in Sources */,
				D9AABD371ED28C9F00389B25 /* AppDelegate.swift in Sources */,
			);
			runOnlyForDeploymentPostprocessing = 0;
		};
/* End PBXSourcesBuildPhase section */

/* Begin PBXVariantGroup section */
		D9AABD3A1ED28C9F00389B25 /* Main.storyboard */ = {
			isa = PBXVariantGroup;
			children = (
				D9AABD3B1ED28C9F00389B25 /* Base */,
			);
			name = Main.storyboard;
			sourceTree = "<group>";
		};
		D9AABD3F1ED28C9F00389B25 /* LaunchScreen.storyboard */ = {
			isa = PBXVariantGroup;
			children = (
				D9AABD401ED28C9F00389B25 /* Base */,
			);
			name = LaunchScreen.storyboard;
			sourceTree = "<group>";
		};
/* End PBXVariantGroup section */

/* Begin XCBuildConfiguration section */
		D9AABD431ED28C9F00389B25 /* Debug */ = {
			isa = XCBuildConfiguration;
			buildSettings = {
				ALWAYS_SEARCH_USER_PATHS = NO;
				CLANG_ANALYZER_NONNULL = YES;
				CLANG_ANALYZER_NUMBER_OBJECT_CONVERSION = YES_AGGRESSIVE;
				CLANG_CXX_LANGUAGE_STANDARD = "gnu++0x";
				CLANG_CXX_LIBRARY = "libc++";
				CLANG_ENABLE_MODULES = YES;
				CLANG_ENABLE_OBJC_ARC = YES;
				CLANG_WARN_BOOL_CONVERSION = YES;
				CLANG_WARN_CONSTANT_CONVERSION = YES;
				CLANG_WARN_DIRECT_OBJC_ISA_USAGE = YES_ERROR;
				CLANG_WARN_DOCUMENTATION_COMMENTS = YES;
				CLANG_WARN_EMPTY_BODY = YES;
				CLANG_WARN_ENUM_CONVERSION = YES;
				CLANG_WARN_INFINITE_RECURSION = YES;
				CLANG_WARN_INT_CONVERSION = YES;
				CLANG_WARN_OBJC_ROOT_CLASS = YES_ERROR;
				CLANG_WARN_SUSPICIOUS_MOVE = YES;
				CLANG_WARN_UNREACHABLE_CODE = YES;
				CLANG_WARN__DUPLICATE_METHOD_MATCH = YES;
				"CODE_SIGN_IDENTITY[sdk=iphoneos*]" = "iPhone Developer";
				COPY_PHASE_STRIP = NO;
				DEBUG_INFORMATION_FORMAT = dwarf;
				ENABLE_STRICT_OBJC_MSGSEND = YES;
				ENABLE_TESTABILITY = YES;
				GCC_C_LANGUAGE_STANDARD = gnu99;
				GCC_DYNAMIC_NO_PIC = NO;
				GCC_NO_COMMON_BLOCKS = YES;
				GCC_OPTIMIZATION_LEVEL = 0;
				GCC_PREPROCESSOR_DEFINITIONS = (
					"DEBUG=1",
					"$(inherited)",
				);
				GCC_WARN_64_TO_32_BIT_CONVERSION = YES;
				GCC_WARN_ABOUT_RETURN_TYPE = YES_ERROR;
				GCC_WARN_UNDECLARED_SELECTOR = YES;
				GCC_WARN_UNINITIALIZED_AUTOS = YES_AGGRESSIVE;
				GCC_WARN_UNUSED_FUNCTION = YES;
				GCC_WARN_UNUSED_VARIABLE = YES;
				IPHONEOS_DEPLOYMENT_TARGET = 10.3;
				MTL_ENABLE_DEBUG_INFO = YES;
				ONLY_ACTIVE_ARCH = YES;
				SDKROOT = iphoneos;
				SWIFT_ACTIVE_COMPILATION_CONDITIONS = DEBUG;
				SWIFT_OPTIMIZATION_LEVEL = "-Onone";
				TARGETED_DEVICE_FAMILY = "1,2";
			};
			name = Debug;
		};
		D9AABD441ED28C9F00389B25 /* Release */ = {
			isa = XCBuildConfiguration;
			buildSettings = {
				ALWAYS_SEARCH_USER_PATHS = NO;
				CLANG_ANALYZER_NONNULL = YES;
				CLANG_ANALYZER_NUMBER_OBJECT_CONVERSION = YES_AGGRESSIVE;
				CLANG_CXX_LANGUAGE_STANDARD = "gnu++0x";
				CLANG_CXX_LIBRARY = "libc++";
				CLANG_ENABLE_MODULES = YES;
				CLANG_ENABLE_OBJC_ARC = YES;
				CLANG_WARN_BOOL_CONVERSION = YES;
				CLANG_WARN_CONSTANT_CONVERSION = YES;
				CLANG_WARN_DIRECT_OBJC_ISA_USAGE = YES_ERROR;
				CLANG_WARN_DOCUMENTATION_COMMENTS = YES;
				CLANG_WARN_EMPTY_BODY = YES;
				CLANG_WARN_ENUM_CONVERSION = YES;
				CLANG_WARN_INFINITE_RECURSION = YES;
				CLANG_WARN_INT_CONVERSION = YES;
				CLANG_WARN_OBJC_ROOT_CLASS = YES_ERROR;
				CLANG_WARN_SUSPICIOUS_MOVE = YES;
				CLANG_WARN_UNREACHABLE_CODE = YES;
				CLANG_WARN__DUPLICATE_METHOD_MATCH = YES;
				"CODE_SIGN_IDENTITY[sdk=iphoneos*]" = "iPhone Developer";
				COPY_PHASE_STRIP = NO;
				DEBUG_INFORMATION_FORMAT = "dwarf-with-dsym";
				ENABLE_NS_ASSERTIONS = NO;
				ENABLE_STRICT_OBJC_MSGSEND = YES;
				GCC_C_LANGUAGE_STANDARD = gnu99;
				GCC_NO_COMMON_BLOCKS = YES;
				GCC_WARN_64_TO_32_BIT_CONVERSION = YES;
				GCC_WARN_ABOUT_RETURN_TYPE = YES_ERROR;
				GCC_WARN_UNDECLARED_SELECTOR = YES;
				GCC_WARN_UNINITIALIZED_AUTOS = YES_AGGRESSIVE;
				GCC_WARN_UNUSED_FUNCTION = YES;
				GCC_WARN_UNUSED_VARIABLE = YES;
				IPHONEOS_DEPLOYMENT_TARGET = 10.3;
				MTL_ENABLE_DEBUG_INFO = NO;
				SDKROOT = iphoneos;
				SWIFT_OPTIMIZATION_LEVEL = "-Owholemodule";
				TARGETED_DEVICE_FAMILY = "1,2";
				VALIDATE_PRODUCT = YES;
			};
			name = Release;
		};
		D9AABD461ED28C9F00389B25 /* Debug */ = {
			isa = XCBuildConfiguration;
			baseConfigurationReference = 3DF7EB3CC620C7CB4F8E3924 /* Pods-ChatApp.debug.xcconfig */;
			buildSettings = {
				ASSETCATALOG_COMPILER_APPICON_NAME = AppIcon;
				DEVELOPMENT_TEAM = 543V5E2ARZ;
				INFOPLIST_FILE = ChatApp/Info.plist;
				LD_RUNPATH_SEARCH_PATHS = "$(inherited) @executable_path/Frameworks";
				PRODUCT_BUNDLE_IDENTIFIER = com.chicresonance.ChatApp;
				PRODUCT_NAME = "$(TARGET_NAME)";
				SWIFT_VERSION = 3.0;
			};
			name = Debug;
		};
		D9AABD471ED28C9F00389B25 /* Release */ = {
			isa = XCBuildConfiguration;
			baseConfigurationReference = 6E7C15F0C49A5668A3CFCA1C /* Pods-ChatApp.release.xcconfig */;
			buildSettings = {
				ASSETCATALOG_COMPILER_APPICON_NAME = AppIcon;
				DEVELOPMENT_TEAM = 543V5E2ARZ;
				INFOPLIST_FILE = ChatApp/Info.plist;
				LD_RUNPATH_SEARCH_PATHS = "$(inherited) @executable_path/Frameworks";
				PRODUCT_BUNDLE_IDENTIFIER = com.chicresonance.ChatApp;
				PRODUCT_NAME = "$(TARGET_NAME)";
				SWIFT_VERSION = 3.0;
			};
			name = Release;
		};
/* End XCBuildConfiguration section */

/* Begin XCConfigurationList section */
		D9AABD2E1ED28C9F00389B25 /* Build configuration list for PBXProject "ChatApp" */ = {
			isa = XCConfigurationList;
			buildConfigurations = (
				D9AABD431ED28C9F00389B25 /* Debug */,
				D9AABD441ED28C9F00389B25 /* Release */,
			);
			defaultConfigurationIsVisible = 0;
			defaultConfigurationName = Release;
		};
		D9AABD451ED28C9F00389B25 /* Build configuration list for PBXNativeTarget "ChatApp" */ = {
			isa = XCConfigurationList;
			buildConfigurations = (
				D9AABD461ED28C9F00389B25 /* Debug */,
				D9AABD471ED28C9F00389B25 /* Release */,
			);
			defaultConfigurationIsVisible = 0;
			defaultConfigurationName = Release;
		};
/* End XCConfigurationList section */
	};
	rootObject = D9AABD2B1ED28C9F00389B25 /* Project object */;
}
